
Microsoft Visual Studio Solution File, Format Version 12.00
# Visual Studio Version 17
VisualStudioVersion = 17.6.33801.468
MinimumVisualStudioVersion = 10.0.40219.1
Project("{9A19103F-16F7-4668-BE54-9A1E7A4F7556}") = "Chat19Aug", "Chat19Aug.csproj", "{0AE4EFDF-4DD8-4A8B-8922-106FB349C5AF}"
EndProject
Project("{FAE04EC0-301F-11D3-BF4B-00C04F79EFBC}") = "ChatServerA19", "..\ChatServerA19\ChatServerA19.csproj", "{B607EE60-C3F5-4874-BBFF-F00521E3816B}"
EndProject
Global
	GlobalSection(SolutionConfigurationPlatforms) = preSolution
		Debug|Any CPU = Debug|Any CPU
		Release|Any CPU = Release|Any CPU
	EndGlobalSection
	GlobalSection(ProjectConfigurationPlatforms) = postSolution
		{0AE4EFDF-4DD8-4A8B-8922-106FB349C5AF}.Debug|Any CPU.ActiveCfg = Debug|Any CPU
		{0AE4EFDF-4DD8-4A8B-8922-106FB349C5AF}.Debug|Any CPU.Build.0 = Debug|Any CPU
		{0AE4EFDF-4DD8-4A8B-8922-106FB349C5AF}.Release|Any CPU.ActiveCfg = Release|Any CPU
		{0AE4EFDF-4DD8-4A8B-8922-106FB349C5AF}.Release|Any CPU.Build.0 = Release|Any CPU
		{B607EE60-C3F5-4874-BBFF-F00521E3816B}.Debug|Any CPU.ActiveCfg = Debug|Any CPU
		{B607EE60-C3F5-4874-BBFF-F00521E3816B}.Debug|Any CPU.Build.0 = Debug|Any CPU
		{B607EE60-C3F5-4874-BBFF-F00521E3816B}.Release|Any CPU.ActiveCfg = Release|Any CPU
		{B607EE60-C3F5-4874-BBFF-F00521E3816B}.Release|Any CPU.Build.0 = Release|Any CPU
	EndGlobalSection
	GlobalSection(SolutionProperties) = preSolution
		HideSolutionNode = FALSE
	EndGlobalSection
	GlobalSection(ExtensibilityGlobals) = postSolution
		SolutionGuid = {2E988F9C-2B09-41B2-B10F-6AEE60A2AA81}
	EndGlobalSection
EndGlobal
